
Microsoft Visual Studio Solution File, Format Version 12.00
# Visual Studio Version 17
VisualStudioVersion = 17.10.35122.118
MinimumVisualStudioVersion = 10.0.40219.1
Project("{FAE04EC0-301F-11D3-BF4B-00C04F79EFBC}") = "cleaner", "cleaner\cleaner.csproj", "{077E0640-64F5-4C79-A340-931D3CBD9E24}"
EndProject
Global
	GlobalSection(SolutionConfigurationPlatforms) = preSolution
		Debug|Any CPU = Debug|Any CPU
		Release|Any CPU = Release|Any CPU
	EndGlobalSection
	GlobalSection(ProjectConfigurationPlatforms) = postSolution
		{077E0640-64F5-4C79-A340-931D3CBD9E24}.Debug|Any CPU.ActiveCfg = Debug|Any CPU
		{077E0640-64F5-4C79-A340-931D3CBD9E24}.Debug|Any CPU.Build.0 = Debug|Any CPU
		{077E0640-64F5-4C79-A340-931D3CBD9E24}.Release|Any CPU.ActiveCfg = Release|Any CPU
		{077E0640-64F5-4C79-A340-931D3CBD9E24}.Release|Any CPU.Build.0 = Release|Any CPU
	EndGlobalSection
	GlobalSection(SolutionProperties) = preSolution
		HideSolutionNode = FALSE
	EndGlobalSection
	GlobalSection(ExtensibilityGlobals) = postSolution
		SolutionGuid = {4F56AAC9-43FC-43EA-8B8F-9B2611252DC5}
	EndGlobalSection
EndGlobal
